
Microsoft Visual Studio Solution File, Format Version 12.00
# Visual Studio Version 17
VisualStudioVersion = 17.6.33815.320
MinimumVisualStudioVersion = 10.0.40219.1
Project("{FAE04EC0-301F-11D3-BF4B-00C04F79EFBC}") = "ValheimServer", "ValheimServer\ValheimServer.csproj", "{C206797D-7090-4250-9049-DB3E232A9564}"
EndProject
Global
	GlobalSection(SolutionConfigurationPlatforms) = preSolution
		Debug|Any CPU = Debug|Any CPU
		Release|Any CPU = Release|Any CPU
	EndGlobalSection
	GlobalSection(ProjectConfigurationPlatforms) = postSolution
		{C206797D-7090-4250-9049-DB3E232A9564}.Debug|Any CPU.ActiveCfg = Debug|Any CPU
		{C206797D-7090-4250-9049-DB3E232A9564}.Debug|Any CPU.Build.0 = Debug|Any CPU
		{C206797D-7090-4250-9049-DB3E232A9564}.Release|Any CPU.ActiveCfg = Release|Any CPU
		{C206797D-7090-4250-9049-DB3E232A9564}.Release|Any CPU.Build.0 = Release|Any CPU
	EndGlobalSection
	GlobalSection(SolutionProperties) = preSolution
		HideSolutionNode = FALSE
	EndGlobalSection
	GlobalSection(ExtensibilityGlobals) = postSolution
		SolutionGuid = {650779F2-C36C-4CAB-8050-9C5E8F56FB62}
	EndGlobalSection
EndGlobal
